// !$*UTF8*$!
{
	archiveVersion = 1;
	classes = {
	};
	objectVersion = 51;
	objects = {

/* Begin PBXBuildFile section */
		4B43934826A14557009E0B7B /* AppDelegate.swift in Sources */ = {isa = PBXBuildFile; fileRef = 4B43934726A14557009E0B7B /* AppDelegate.swift */; };
		4B43934A26A14557009E0B7B /* SceneDelegate.swift in Sources */ = {isa = PBXBuildFile; fileRef = 4B43934926A14557009E0B7B /* SceneDelegate.swift */; };
		4B43934C26A14557009E0B7B /* NewsViewController.swift in Sources */ = {isa = PBXBuildFile; fileRef = 4B43934B26A14557009E0B7B /* NewsViewController.swift */; };
		4B43934F26A14557009E0B7B /* Main.storyboard in Resources */ = {isa = PBXBuildFile; fileRef = 4B43934D26A14557009E0B7B /* Main.storyboard */; };
		4B43935126A1455D009E0B7B /* Assets.xcassets in Resources */ = {isa = PBXBuildFile; fileRef = 4B43935026A1455D009E0B7B /* Assets.xcassets */; };
		4B43935426A1455D009E0B7B /* LaunchScreen.storyboard in Resources */ = {isa = PBXBuildFile; fileRef = 4B43935226A1455D009E0B7B /* LaunchScreen.storyboard */; };
		4B43935E26A156C5009E0B7B /* NewsTableViewCell.swift in Sources */ = {isa = PBXBuildFile; fileRef = 4B43935D26A156C5009E0B7B /* NewsTableViewCell.swift */; };
		4B4893C926A2D5F800EAD70D /* NewsDetailsTableViewController.swift in Sources */ = {isa = PBXBuildFile; fileRef = 4B4893C826A2D5F800EAD70D /* NewsDetailsTableViewController.swift */; };
		4B4893CB26A2F51B00EAD70D /* WebViewViewController.swift in Sources */ = {isa = PBXBuildFile; fileRef = 4B4893CA26A2F51B00EAD70D /* WebViewViewController.swift */; };
		4B4893CD26A2FCAB00EAD70D /* WebKit.framework in Frameworks */ = {isa = PBXBuildFile; fileRef = 4B4893CC26A2FCAB00EAD70D /* WebKit.framework */; };
		4B593CD526A3405F00FEAE8E /* NewsCellViewModel.swift in Sources */ = {isa = PBXBuildFile; fileRef = 4B593CD426A3405F00FEAE8E /* NewsCellViewModel.swift */; };
		4B593CD726A36FA600FEAE8E /* Reachability.swift in Sources */ = {isa = PBXBuildFile; fileRef = 4B593CD626A36FA600FEAE8E /* Reachability.swift */; };
		4B706F212964DFE4F7385DA7 /* Pods_News.framework in Frameworks */ = {isa = PBXBuildFile; fileRef = CF00289210B11833C16AD317 /* Pods_News.framework */; };
		4BBFB99126A1D885001B1C30 /* NetworkService.swift in Sources */ = {isa = PBXBuildFile; fileRef = 4BBFB99026A1D885001B1C30 /* NetworkService.swift */; };
		4BBFB99426A1EDE8001B1C30 /* URLs.swift in Sources */ = {isa = PBXBuildFile; fileRef = 4BBFB99326A1EDE8001B1C30 /* URLs.swift */; };
		4BBFB99626A1F1C3001B1C30 /* News.swift in Sources */ = {isa = PBXBuildFile; fileRef = 4BBFB99526A1F1C3001B1C30 /* News.swift */; };
		4BBFB99826A1F914001B1C30 /* NewsViewModel.swift in Sources */ = {isa = PBXBuildFile; fileRef = 4BBFB99726A1F914001B1C30 /* NewsViewModel.swift */; };
/* End PBXBuildFile section */

/* Begin PBXFileReference section */
		4B43934426A14556009E0B7B /* News.app */ = {isa = PBXFileReference; explicitFileType = wrapper.application; includeInIndex = 0; path = News.app; sourceTree = BUILT_PRODUCTS_DIR; };
		4B43934726A14557009E0B7B /* AppDelegate.swift */ = {isa = PBXFileReference; lastKnownFileType = sourcecode.swift; path = AppDelegate.swift; sourceTree = "<group>"; };
		4B43934926A14557009E0B7B /* SceneDelegate.swift */ = {isa = PBXFileReference; lastKnownFileType = sourcecode.swift; path = SceneDelegate.swift; sourceTree = "<group>"; };
		4B43934B26A14557009E0B7B /* NewsViewController.swift */ = {isa = PBXFileReference; lastKnownFileType = sourcecode.swift; path = NewsViewController.swift; sourceTree = "<group>"; };
		4B43934E26A14557009E0B7B /* Base */ = {isa = PBXFileReference; lastKnownFileType = file.storyboard; name = Base; path = Base.lproj/Main.storyboard; sourceTree = "<group>"; };
		4B43935026A1455D009E0B7B /* Assets.xcassets */ = {isa = PBXFileReference; lastKnownFileType = folder.assetcatalog; path = Assets.xcassets; sourceTree = "<group>"; };
		4B43935326A1455D009E0B7B /* Base */ = {isa = PBXFileReference; lastKnownFileType = file.storyboard; name = Base; path = Base.lproj/LaunchScreen.storyboard; sourceTree = "<group>"; };
		4B43935526A1455D009E0B7B /* Info.plist */ = {isa = PBXFileReference; lastKnownFileType = text.plist.xml; path = Info.plist; sourceTree = "<group>"; };
		4B43935D26A156C5009E0B7B /* NewsTableViewCell.swift */ = {isa = PBXFileReference; lastKnownFileType = sourcecode.swift; path = NewsTableViewCell.swift; sourceTree = "<group>"; };
		4B4893C826A2D5F800EAD70D /* NewsDetailsTableViewController.swift */ = {isa = PBXFileReference; lastKnownFileType = sourcecode.swift; path = NewsDetailsTableViewController.swift; sourceTree = "<group>"; };
		4B4893CA26A2F51B00EAD70D /* WebViewViewController.swift */ = {isa = PBXFileReference; lastKnownFileType = sourcecode.swift; path = WebViewViewController.swift; sourceTree = "<group>"; };
		4B4893CC26A2FCAB00EAD70D /* WebKit.framework */ = {isa = PBXFileReference; lastKnownFileType = wrapper.framework; name = WebKit.framework; path = System/Library/Frameworks/WebKit.framework; sourceTree = SDKROOT; };
		4B593CD426A3405F00FEAE8E /* NewsCellViewModel.swift */ = {isa = PBXFileReference; lastKnownFileType = sourcecode.swift; path = NewsCellViewModel.swift; sourceTree = "<group>"; };
		4B593CD626A36FA600FEAE8E /* Reachability.swift */ = {isa = PBXFileReference; lastKnownFileType = sourcecode.swift; path = Reachability.swift; sourceTree = "<group>"; };
		4BBFB99026A1D885001B1C30 /* NetworkService.swift */ = {isa = PBXFileReference; lastKnownFileType = sourcecode.swift; path = NetworkService.swift; sourceTree = "<group>"; };
		4BBFB99326A1EDE8001B1C30 /* URLs.swift */ = {isa = PBXFileReference; lastKnownFileType = sourcecode.swift; path = URLs.swift; sourceTree = "<group>"; };
		4BBFB99526A1F1C3001B1C30 /* News.swift */ = {isa = PBXFileReference; lastKnownFileType = sourcecode.swift; path = News.swift; sourceTree = "<group>"; };
		4BBFB99726A1F914001B1C30 /* NewsViewModel.swift */ = {isa = PBXFileReference; lastKnownFileType = sourcecode.swift; path = NewsViewModel.swift; sourceTree = "<group>"; };
		69CC8483AF0B7753E91D3E41 /* Pods-News.release.xcconfig */ = {isa = PBXFileReference; includeInIndex = 1; lastKnownFileType = text.xcconfig; name = "Pods-News.release.xcconfig"; path = "Target Support Files/Pods-News/Pods-News.release.xcconfig"; sourceTree = "<group>"; };
		6B43E90BF46C747256B59575 /* Pods-News.debug.xcconfig */ = {isa = PBXFileReference; includeInIndex = 1; lastKnownFileType = text.xcconfig; name = "Pods-News.debug.xcconfig"; path = "Target Support Files/Pods-News/Pods-News.debug.xcconfig"; sourceTree = "<group>"; };
		CF00289210B11833C16AD317 /* Pods_News.framework */ = {isa = PBXFileReference; explicitFileType = wrapper.framework; includeInIndex = 0; path = Pods_News.framework; sourceTree = BUILT_PRODUCTS_DIR; };
/* End PBXFileReference section */

/* Begin PBXFrameworksBuildPhase section */
		4B43934126A14556009E0B7B /* Frameworks */ = {
			isa = PBXFrameworksBuildPhase;
			buildActionMask = 2147483647;
			files = (
				4B4893CD26A2FCAB00EAD70D /* WebKit.framework in Frameworks */,
				4B706F212964DFE4F7385DA7 /* Pods_News.framework in Frameworks */,
			);
			runOnlyForDeploymentPostprocessing = 0;
		};
/* End PBXFrameworksBuildPhase section */

/* Begin PBXGroup section */
		4B43933B26A14556009E0B7B = {
			isa = PBXGroup;
			children = (
				4B43934626A14556009E0B7B /* News */,
				4B43934526A14556009E0B7B /* Products */,
				B813B07C580F0728F8C45FA7 /* Pods */,
				C2AFA42353EFF68AD4580B86 /* Frameworks */,
			);
			sourceTree = "<group>";
		};
		4B43934526A14556009E0B7B /* Products */ = {
			isa = PBXGroup;
			children = (
				4B43934426A14556009E0B7B /* News.app */,
			);
			name = Products;
			sourceTree = "<group>";
		};
		4B43934626A14556009E0B7B /* News */ = {
			isa = PBXGroup;
			children = (
				4BBFB99226A1EDC4001B1C30 /* Constants */,
				4BBFB98826A1D71A001B1C30 /* Model */,
				4BBFB98F26A1D837001B1C30 /* Service */,
				4BBFB98926A1D724001B1C30 /* View */,
				4BBFB98A26A1D73E001B1C30 /* ViewModel */,
				4B43934726A14557009E0B7B /* AppDelegate.swift */,
				4B43934926A14557009E0B7B /* SceneDelegate.swift */,
				4B43935026A1455D009E0B7B /* Assets.xcassets */,
				4B43935226A1455D009E0B7B /* LaunchScreen.storyboard */,
				4B43935526A1455D009E0B7B /* Info.plist */,
			);
			path = News;
			sourceTree = "<group>";
		};
		4BBFB98826A1D71A001B1C30 /* Model */ = {
			isa = PBXGroup;
			children = (
				4BBFB99526A1F1C3001B1C30 /* News.swift */,
			);
			path = Model;
			sourceTree = "<group>";
		};
		4BBFB98926A1D724001B1C30 /* View */ = {
			isa = PBXGroup;
			children = (
				4BBFB98E26A1D804001B1C30 /* Storyboard */,
				4B43935D26A156C5009E0B7B /* NewsTableViewCell.swift */,
				4BBFB98B26A1D7B4001B1C30 /* Controllers */,
			);
			path = View;
			sourceTree = "<group>";
		};
		4BBFB98A26A1D73E001B1C30 /* ViewModel */ = {
			isa = PBXGroup;
			children = (
				4BBFB99726A1F914001B1C30 /* NewsViewModel.swift */,
				4B593CD426A3405F00FEAE8E /* NewsCellViewModel.swift */,
			);
			path = ViewModel;
			sourceTree = "<group>";
		};
		4BBFB98B26A1D7B4001B1C30 /* Controllers */ = {
			isa = PBXGroup;
			children = (
				4BBFB98C26A1D7C0001B1C30 /* ViewControllers */,
			);
			path = Controllers;
			sourceTree = "<group>";
		};
		4BBFB98C26A1D7C0001B1C30 /* ViewControllers */ = {
			isa = PBXGroup;
			children = (
				4B43934B26A14557009E0B7B /* NewsViewController.swift */,
				4B4893C826A2D5F800EAD70D /* NewsDetailsTableViewController.swift */,
				4B4893CA26A2F51B00EAD70D /* WebViewViewController.swift */,
			);
			path = ViewControllers;
			sourceTree = "<group>";
		};
		4BBFB98E26A1D804001B1C30 /* Storyboard */ = {
			isa = PBXGroup;
			children = (
				4B43934D26A14557009E0B7B /* Main.storyboard */,
			);
			path = Storyboard;
			sourceTree = "<group>";
		};
		4BBFB98F26A1D837001B1C30 /* Service */ = {
			isa = PBXGroup;
			children = (
				4BBFB99026A1D885001B1C30 /* NetworkService.swift */,
				4B593CD626A36FA600FEAE8E /* Reachability.swift */,
			);
			path = Service;
			sourceTree = "<group>";
		};
		4BBFB99226A1EDC4001B1C30 /* Constants */ = {
			isa = PBXGroup;
			children = (
				4BBFB99326A1EDE8001B1C30 /* URLs.swift */,
			);
			path = Constants;
			sourceTree = "<group>";
		};
		B813B07C580F0728F8C45FA7 /* Pods */ = {
			isa = PBXGroup;
			children = (
				6B43E90BF46C747256B59575 /* Pods-News.debug.xcconfig */,
				69CC8483AF0B7753E91D3E41 /* Pods-News.release.xcconfig */,
			);
			path = Pods;
			sourceTree = "<group>";
		};
		C2AFA42353EFF68AD4580B86 /* Frameworks */ = {
			isa = PBXGroup;
			children = (
				4B4893CC26A2FCAB00EAD70D /* WebKit.framework */,
				CF00289210B11833C16AD317 /* Pods_News.framework */,
			);
			name = Frameworks;
			sourceTree = "<group>";
		};
/* End PBXGroup section */

/* Begin PBXNativeTarget section */
		4B43934326A14556009E0B7B /* News */ = {
			isa = PBXNativeTarget;
			buildConfigurationList = 4B43935826A1455D009E0B7B /* Build configuration list for PBXNativeTarget "News" */;
			buildPhases = (
				1C81F9CA0155B9F899A60AE9 /* [CP] Check Pods Manifest.lock */,
				4B43934026A14556009E0B7B /* Sources */,
				4B43934126A14556009E0B7B /* Frameworks */,
				4B43934226A14556009E0B7B /* Resources */,
				6FF671786EC9C8C36E83F1E7 /* [CP] Embed Pods Frameworks */,
			);
			buildRules = (
			);
			dependencies = (
			);
			name = News;
			productName = News;
			productReference = 4B43934426A14556009E0B7B /* News.app */;
			productType = "com.apple.product-type.application";
		};
/* End PBXNativeTarget section */

/* Begin PBXProject section */
		4B43933C26A14556009E0B7B /* Project object */ = {
			isa = PBXProject;
			attributes = {
				LastSwiftUpdateCheck = 1140;
				LastUpgradeCheck = 1140;
				ORGANIZATIONNAME = "Donia Ashraf";
				TargetAttributes = {
					4B43934326A14556009E0B7B = {
						CreatedOnToolsVersion = 11.4;
					};
				};
			};
			buildConfigurationList = 4B43933F26A14556009E0B7B /* Build configuration list for PBXProject "News" */;
			compatibilityVersion = "Xcode 9.3";
			developmentRegion = en;
			hasScannedForEncodings = 0;
			knownRegions = (
				en,
				Base,
			);
			mainGroup = 4B43933B26A14556009E0B7B;
			productRefGroup = 4B43934526A14556009E0B7B /* Products */;
			projectDirPath = "";
			projectRoot = "";
			targets = (
				4B43934326A14556009E0B7B /* News */,
			);
		};
/* End PBXProject section */

/* Begin PBXResourcesBuildPhase section */
		4B43934226A14556009E0B7B /* Resources */ = {
			isa = PBXResourcesBuildPhase;
			buildActionMask = 2147483647;
			files = (
				4B43935426A1455D009E0B7B /* LaunchScreen.storyboard in Resources */,
				4B43935126A1455D009E0B7B /* Assets.xcassets in Resources */,
				4B43934F26A14557009E0B7B /* Main.storyboard in Resources */,
			);
			runOnlyForDeploymentPostprocessing = 0;
		};
/* End PBXResourcesBuildPhase section */

/* Begin PBXShellScriptBuildPhase section */
		1C81F9CA0155B9F899A60AE9 /* [CP] Check Pods Manifest.lock */ = {
			isa = PBXShellScriptBuildPhase;
			buildActionMask = 2147483647;
			files = (
			);
			inputFileListPaths = (
			);
			inputPaths = (
				"${PODS_PODFILE_DIR_PATH}/Podfile.lock",
				"${PODS_ROOT}/Manifest.lock",
			);
			name = "[CP] Check Pods Manifest.lock";
			outputFileListPaths = (
			);
			outputPaths = (
				"$(DERIVED_FILE_DIR)/Pods-News-checkManifestLockResult.txt",
			);
			runOnlyForDeploymentPostprocessing = 0;
			shellPath = /bin/sh;
			shellScript = "diff \"${PODS_PODFILE_DIR_PATH}/Podfile.lock\" \"${PODS_ROOT}/Manifest.lock\" > /dev/null\nif [ $? != 0 ] ; then\n    # print error to STDERR\n    echo \"error: The sandbox is not in sync with the Podfile.lock. Run 'pod install' or update your CocoaPods installation.\" >&2\n    exit 1\nfi\n# This output is used by Xcode 'outputs' to avoid re-running this script phase.\necho \"SUCCESS\" > \"${SCRIPT_OUTPUT_FILE_0}\"\n";
			showEnvVarsInLog = 0;
		};
		6FF671786EC9C8C36E83F1E7 /* [CP] Embed Pods Frameworks */ = {
			isa = PBXShellScriptBuildPhase;
			buildActionMask = 2147483647;
			files = (
			);
			inputFileListPaths = (
				"${PODS_ROOT}/Target Support Files/Pods-News/Pods-News-frameworks-${CONFIGURATION}-input-files.xcfilelist",
			);
			name = "[CP] Embed Pods Frameworks";
			outputFileListPaths = (
				"${PODS_ROOT}/Target Support Files/Pods-News/Pods-News-frameworks-${CONFIGURATION}-output-files.xcfilelist",
			);
			runOnlyForDeploymentPostprocessing = 0;
			shellPath = /bin/sh;
			shellScript = "\"${PODS_ROOT}/Target Support Files/Pods-News/Pods-News-frameworks.sh\"\n";
			showEnvVarsInLog = 0;
		};
/* End PBXShellScriptBuildPhase section */

/* Begin PBXSourcesBuildPhase section */
		4B43934026A14556009E0B7B /* Sources */ = {
			isa = PBXSourcesBuildPhase;
			buildActionMask = 2147483647;
			files = (
				4B4893C926A2D5F800EAD70D /* NewsDetailsTableViewController.swift in Sources */,
				4B43934C26A14557009E0B7B /* NewsViewController.swift in Sources */,
				4B593CD726A36FA600FEAE8E /* Reachability.swift in Sources */,
				4B43934826A14557009E0B7B /* AppDelegate.swift in Sources */,
				4B4893CB26A2F51B00EAD70D /* WebViewViewController.swift in Sources */,
				4B593CD526A3405F00FEAE8E /* NewsCellViewModel.swift in Sources */,
				4B43935E26A156C5009E0B7B /* NewsTableViewCell.swift in Sources */,
				4BBFB99426A1EDE8001B1C30 /* URLs.swift in Sources */,
				4BBFB99626A1F1C3001B1C30 /* News.swift in Sources */,
				4BBFB99126A1D885001B1C30 /* NetworkService.swift in Sources */,
				4B43934A26A14557009E0B7B /* SceneDelegate.swift in Sources */,
				4BBFB99826A1F914001B1C30 /* NewsViewModel.swift in Sources */,
			);
			runOnlyForDeploymentPostprocessing = 0;
		};
/* End PBXSourcesBuildPhase section */

/* Begin PBXVariantGroup section */
		4B43934D26A14557009E0B7B /* Main.storyboard */ = {
			isa = PBXVariantGroup;
			children = (
				4B43934E26A14557009E0B7B /* Base */,
			);
			name = Main.storyboard;
			sourceTree = "<group>";
		};
		4B43935226A1455D009E0B7B /* LaunchScreen.storyboard */ = {
			isa = PBXVariantGroup;
			children = (
				4B43935326A1455D009E0B7B /* Base */,
			);
			name = LaunchScreen.storyboard;
			sourceTree = "<group>";
		};
/* End PBXVariantGroup section */

/* Begin XCBuildConfiguration section */
		4B43935626A1455D009E0B7B /* Debug */ = {
			isa = XCBuildConfiguration;
			buildSettings = {
				ALWAYS_SEARCH_USER_PATHS = NO;
				CLANG_ANALYZER_NONNULL = YES;
				CLANG_ANALYZER_NUMBER_OBJECT_CONVERSION = YES_AGGRESSIVE;
				CLANG_CXX_LANGUAGE_STANDARD = "gnu++14";
				CLANG_CXX_LIBRARY = "libc++";
				CLANG_ENABLE_MODULES = YES;
				CLANG_ENABLE_OBJC_ARC = YES;
				CLANG_ENABLE_OBJC_WEAK = YES;
				CLANG_WARN_BLOCK_CAPTURE_AUTORELEASING = YES;
				CLANG_WARN_BOOL_CONVERSION = YES;
				CLANG_WARN_COMMA = YES;
				CLANG_WARN_CONSTANT_CONVERSION = YES;
				CLANG_WARN_DEPRECATED_OBJC_IMPLEMENTATIONS = YES;
				CLANG_WARN_DIRECT_OBJC_ISA_USAGE = YES_ERROR;
				CLANG_WARN_DOCUMENTATION_COMMENTS = YES;
				CLANG_WARN_EMPTY_BODY = YES;
				CLANG_WARN_ENUM_CONVERSION = YES;
				CLANG_WARN_INFINITE_RECURSION = YES;
				CLANG_WARN_INT_CONVERSION = YES;
				CLANG_WARN_NON_LITERAL_NULL_CONVERSION = YES;
				CLANG_WARN_OBJC_IMPLICIT_RETAIN_SELF = YES;
				CLANG_WARN_OBJC_LITERAL_CONVERSION = YES;
				CLANG_WARN_OBJC_ROOT_CLASS = YES_ERROR;
				CLANG_WARN_RANGE_LOOP_ANALYSIS = YES;
				CLANG_WARN_STRICT_PROTOTYPES = YES;
				CLANG_WARN_SUSPICIOUS_MOVE = YES;
				CLANG_WARN_UNGUARDED_AVAILABILITY = YES_AGGRESSIVE;
				CLANG_WARN_UNREACHABLE_CODE = YES;
				CLANG_WARN__DUPLICATE_METHOD_MATCH = YES;
				COPY_PHASE_STRIP = NO;
				DEBUG_INFORMATION_FORMAT = dwarf;
				ENABLE_STRICT_OBJC_MSGSEND = YES;
				ENABLE_TESTABILITY = YES;
				GCC_C_LANGUAGE_STANDARD = gnu11;
				GCC_DYNAMIC_NO_PIC = NO;
				GCC_NO_COMMON_BLOCKS = YES;
				GCC_OPTIMIZATION_LEVEL = 0;
				GCC_PREPROCESSOR_DEFINITIONS = (
					"DEBUG=1",
					"$(inherited)",
				);
				GCC_WARN_64_TO_32_BIT_CONVERSION = YES;
				GCC_WARN_ABOUT_RETURN_TYPE = YES_ERROR;
				GCC_WARN_UNDECLARED_SELECTOR = YES;
				GCC_WARN_UNINITIALIZED_AUTOS = YES_AGGRESSIVE;
				GCC_WARN_UNUSED_FUNCTION = YES;
				GCC_WARN_UNUSED_VARIABLE = YES;
				IPHONEOS_DEPLOYMENT_TARGET = 13.4;
				MTL_ENABLE_DEBUG_INFO = INCLUDE_SOURCE;
				MTL_FAST_MATH = YES;
				ONLY_ACTIVE_ARCH = YES;
				SDKROOT = iphoneos;
				SWIFT_ACTIVE_COMPILATION_CONDITIONS = DEBUG;
				SWIFT_OPTIMIZATION_LEVEL = "-Onone";
			};
			name = Debug;
		};
		4B43935726A1455D009E0B7B /* Release */ = {
			isa = XCBuildConfiguration;
			buildSettings = {
				ALWAYS_SEARCH_USER_PATHS = NO;
				CLANG_ANALYZER_NONNULL = YES;
				CLANG_ANALYZER_NUMBER_OBJECT_CONVERSION = YES_AGGRESSIVE;
				CLANG_CXX_LANGUAGE_STANDARD = "gnu++14";
				CLANG_CXX_LIBRARY = "libc++";
				CLANG_ENABLE_MODULES = YES;
				CLANG_ENABLE_OBJC_ARC = YES;
				CLANG_ENABLE_OBJC_WEAK = YES;
				CLANG_WARN_BLOCK_CAPTURE_AUTORELEASING = YES;
				CLANG_WARN_BOOL_CONVERSION = YES;
				CLANG_WARN_COMMA = YES;
				CLANG_WARN_CONSTANT_CONVERSION = YES;
				CLANG_WARN_DEPRECATED_OBJC_IMPLEMENTATIONS = YES;
				CLANG_WARN_DIRECT_OBJC_ISA_USAGE = YES_ERROR;
				CLANG_WARN_DOCUMENTATION_COMMENTS = YES;
				CLANG_WARN_EMPTY_BODY = YES;
				CLANG_WARN_ENUM_CONVERSION = YES;
				CLANG_WARN_INFINITE_RECURSION = YES;
				CLANG_WARN_INT_CONVERSION = YES;
				CLANG_WARN_NON_LITERAL_NULL_CONVERSION = YES;
				CLANG_WARN_OBJC_IMPLICIT_RETAIN_SELF = YES;
				CLANG_WARN_OBJC_LITERAL_CONVERSION = YES;
				CLANG_WARN_OBJC_ROOT_CLASS = YES_ERROR;
				CLANG_WARN_RANGE_LOOP_ANALYSIS = YES;
				CLANG_WARN_STRICT_PROTOTYPES = YES;
				CLANG_WARN_SUSPICIOUS_MOVE = YES;
				CLANG_WARN_UNGUARDED_AVAILABILITY = YES_AGGRESSIVE;
				CLANG_WARN_UNREACHABLE_CODE = YES;
				CLANG_WARN__DUPLICATE_METHOD_MATCH = YES;
				COPY_PHASE_STRIP = NO;
				DEBUG_INFORMATION_FORMAT = "dwarf-with-dsym";
				ENABLE_NS_ASSERTIONS = NO;
				ENABLE_STRICT_OBJC_MSGSEND = YES;
				GCC_C_LANGUAGE_STANDARD = gnu11;
				GCC_NO_COMMON_BLOCKS = YES;
				GCC_WARN_64_TO_32_BIT_CONVERSION = YES;
				GCC_WARN_ABOUT_RETURN_TYPE = YES_ERROR;
				GCC_WARN_UNDECLARED_SELECTOR = YES;
				GCC_WARN_UNINITIALIZED_AUTOS = YES_AGGRESSIVE;
				GCC_WARN_UNUSED_FUNCTION = YES;
				GCC_WARN_UNUSED_VARIABLE = YES;
				IPHONEOS_DEPLOYMENT_TARGET = 13.4;
				MTL_ENABLE_DEBUG_INFO = NO;
				MTL_FAST_MATH = YES;
				SDKROOT = iphoneos;
				SWIFT_COMPILATION_MODE = wholemodule;
				SWIFT_OPTIMIZATION_LEVEL = "-O";
				VALIDATE_PRODUCT = YES;
			};
			name = Release;
		};
		4B43935926A1455D009E0B7B /* Debug */ = {
			isa = XCBuildConfiguration;
			baseConfigurationReference = 6B43E90BF46C747256B59575 /* Pods-News.debug.xcconfig */;
			buildSettings = {
				ASSETCATALOG_COMPILER_APPICON_NAME = AppIcon;
				CODE_SIGN_STYLE = Automatic;
				INFOPLIST_FILE = News/Info.plist;
				LD_RUNPATH_SEARCH_PATHS = (
					"$(inherited)",
					"@executable_path/Frameworks",
				);
				PRODUCT_BUNDLE_IDENTIFIER = donia.News;
				PRODUCT_NAME = "$(TARGET_NAME)";
				SWIFT_VERSION = 5.0;
				TARGETED_DEVICE_FAMILY = "1,2";
			};
			name = Debug;
		};
		4B43935A26A1455D009E0B7B /* Release */ = {
			isa = XCBuildConfiguration;
			baseConfigurationReference = 69CC8483AF0B7753E91D3E41 /* Pods-News.release.xcconfig */;
			buildSettings = {
				ASSETCATALOG_COMPILER_APPICON_NAME = AppIcon;
				CODE_SIGN_STYLE = Automatic;
				INFOPLIST_FILE = News/Info.plist;
				LD_RUNPATH_SEARCH_PATHS = (
					"$(inherited)",
					"@executable_path/Frameworks",
				);
				PRODUCT_BUNDLE_IDENTIFIER = donia.News;
				PRODUCT_NAME = "$(TARGET_NAME)";
				SWIFT_VERSION = 5.0;
				TARGETED_DEVICE_FAMILY = "1,2";
			};
			name = Release;
		};
/* End XCBuildConfiguration section */

/* Begin XCConfigurationList section */
		4B43933F26A14556009E0B7B /* Build configuration list for PBXProject "News" */ = {
			isa = XCConfigurationList;
			buildConfigurations = (
				4B43935626A1455D009E0B7B /* Debug */,
				4B43935726A1455D009E0B7B /* Release */,
			);
			defaultConfigurationIsVisible = 0;
			defaultConfigurationName = Release;
		};
		4B43935826A1455D009E0B7B /* Build configuration list for PBXNativeTarget "News" */ = {
			isa = XCConfigurationList;
			buildConfigurations = (
				4B43935926A1455D009E0B7B /* Debug */,
				4B43935A26A1455D009E0B7B /* Release */,
			);
			defaultConfigurationIsVisible = 0;
			defaultConfigurationName = Release;
		};
/* End XCConfigurationList section */
	};
	rootObject = 4B43933C26A14556009E0B7B /* Project object */;
}
